
Microsoft Visual Studio Solution File, Format Version 12.00
# Visual Studio Version 17
VisualStudioVersion = 17.4.33122.133
MinimumVisualStudioVersion = 10.0.40219.1
Project("{FAE04EC0-301F-11D3-BF4B-00C04F79EFBC}") = "FindFirstAndLast", "FindFirstAndLast\FindFirstAndLast.csproj", "{988A8F49-3CA5-4C5F-AFE7-4F2A2845A055}"
EndProject
Project("{FAE04EC0-301F-11D3-BF4B-00C04F79EFBC}") = "FindFirstAndLast.Tests", "FindFirstAndLast.Tests\FindFirstAndLast.Tests.csproj", "{913789E8-1034-4366-BBE8-9507711FA6E2}"
EndProject
Global
	GlobalSection(SolutionConfigurationPlatforms) = preSolution
		Debug|Any CPU = Debug|Any CPU
		Release|Any CPU = Release|Any CPU
	EndGlobalSection
	GlobalSection(ProjectConfigurationPlatforms) = postSolution
		{988A8F49-3CA5-4C5F-AFE7-4F2A2845A055}.Debug|Any CPU.ActiveCfg = Debug|Any CPU
		{988A8F49-3CA5-4C5F-AFE7-4F2A2845A055}.Debug|Any CPU.Build.0 = Debug|Any CPU
		{988A8F49-3CA5-4C5F-AFE7-4F2A2845A055}.Release|Any CPU.ActiveCfg = Release|Any CPU
		{988A8F49-3CA5-4C5F-AFE7-4F2A2845A055}.Release|Any CPU.Build.0 = Release|Any CPU
		{913789E8-1034-4366-BBE8-9507711FA6E2}.Debug|Any CPU.ActiveCfg = Debug|Any CPU
		{913789E8-1034-4366-BBE8-9507711FA6E2}.Debug|Any CPU.Build.0 = Debug|Any CPU
		{913789E8-1034-4366-BBE8-9507711FA6E2}.Release|Any CPU.ActiveCfg = Release|Any CPU
		{913789E8-1034-4366-BBE8-9507711FA6E2}.Release|Any CPU.Build.0 = Release|Any CPU
	EndGlobalSection
	GlobalSection(SolutionProperties) = preSolution
		HideSolutionNode = FALSE
	EndGlobalSection
	GlobalSection(ExtensibilityGlobals) = postSolution
		SolutionGuid = {E19CCC41-3B36-42FE-8148-30A3E2CEC91C}
	EndGlobalSection
EndGlobal
